
Microsoft Visual Studio Solution File, Format Version 12.00
# Visual Studio Version 17
VisualStudioVersion = 17.9.34607.119
MinimumVisualStudioVersion = 10.0.40219.1
Project("{FAE04EC0-301F-11D3-BF4B-00C04F79EFBC}") = "ConsoleApp5", "ConsoleApp5.csproj", "{4BA2441F-BCDA-4C7D-BCE5-FB4157FCBC75}"
EndProject
Global
	GlobalSection(SolutionConfigurationPlatforms) = preSolution
		Debug|Any CPU = Debug|Any CPU
		Release|Any CPU = Release|Any CPU
	EndGlobalSection
	GlobalSection(ProjectConfigurationPlatforms) = postSolution
		{4BA2441F-BCDA-4C7D-BCE5-FB4157FCBC75}.Debug|Any CPU.ActiveCfg = Debug|Any CPU
		{4BA2441F-BCDA-4C7D-BCE5-FB4157FCBC75}.Debug|Any CPU.Build.0 = Debug|Any CPU
		{4BA2441F-BCDA-4C7D-BCE5-FB4157FCBC75}.Release|Any CPU.ActiveCfg = Release|Any CPU
		{4BA2441F-BCDA-4C7D-BCE5-FB4157FCBC75}.Release|Any CPU.Build.0 = Release|Any CPU
	EndGlobalSection
	GlobalSection(SolutionProperties) = preSolution
		HideSolutionNode = FALSE
	EndGlobalSection
	GlobalSection(ExtensibilityGlobals) = postSolution
		SolutionGuid = {AFD67CF6-B62F-4335-9618-32B9763C1304}
	EndGlobalSection
EndGlobal
